schema: '2.0'
stages:
  data_ingestion:
    cmd: python  src/data_ingestion.py
    deps:
    - path: src/data_ingestion.py
      hash: md5
      md5: 0c80a2a16a3c5b2f363bb440c83ff7ce
      size: 3652
    params:
      params.yaml:
        data_ingestion.test_size: 0.15
    outs:
    - path: data/raw
      hash: md5
      md5: a15ba66afdf82f8659b031b175286ed3.dir
      size: 484846
      nfiles: 2
  data_preprocessing.py:
    cmd: python src/data_preprocessing.py
    deps:
    - path: data/raw
      hash: md5
      md5: a15ba66afdf82f8659b031b175286ed3.dir
      size: 484846
      nfiles: 2
    - path: src/data_preprocessing.py
      hash: md5
      md5: 6de1785eea1f721a7ee66ba0543cb01d
      size: 4151
    outs:
    - path: data/interm
      hash: md5
      md5: 60a6fff4e80508df65a68e383fa2725e.dir
      size: 259164
      nfiles: 2
  feature_engineering.py:
    cmd: python src/feature_engineering.py
    deps:
    - path: data/interm
      hash: md5
      md5: 60a6fff4e80508df65a68e383fa2725e.dir
      size: 259164
      nfiles: 2
    - path: src/feature_engineering.py
      hash: md5
      md5: e752eb0169e627119be30062773a7452
      size: 3910
    params:
      params.yaml:
        feature_engineering.max_features: 50
    outs:
    - path: data/processed
      hash: md5
      md5: df249199c6623016faded25297343688.dir
      size: 1177120
      nfiles: 2
  model_building:
    cmd: python src/model_building.py
    deps:
    - path: data/processed
      hash: md5
      md5: df249199c6623016faded25297343688.dir
      size: 1177120
      nfiles: 2
    - path: src/model_building.py
      hash: md5
      md5: 1cce289f69ef892dd96c6f62ffb9f5ee
      size: 4480
    params:
      params.yaml:
        model_building.n_estimators: 20
        model_building.random_state: 42
    outs:
    - path: models/model.pkl
      hash: md5
      md5: 1ea622040506410664581e04c2174aae
      size: 830901
  model_evaluation:
    cmd: python src/model_evaluation.py
    deps:
    - path: models/model.pkl
      hash: md5
      md5: 1ea622040506410664581e04c2174aae
      size: 830901
    - path: src/model_evaluation.py
      hash: md5
      md5: b7ceb5224a58d434b59d32594211b5fc
      size: 4684
    outs:
    - path: reports/metrics.json
      hash: md5
      md5: bfa2cdfeb4496f07201fed1acc7d5224
      size: 134
