schema: '2.0'
stages:
  data_ingestion:
    cmd: python  src/data_ingestion.py
    deps:
    - path: src/data_ingestion.py
      hash: md5
      md5: 0c80a2a16a3c5b2f363bb440c83ff7ce
      size: 3652
    params:
      params.yaml:
        data_ingestion.test_size: 0.25
    outs:
    - path: data/raw
      hash: md5
      md5: 04dd235295cb72c313e376c794dbd399.dir
      size: 484846
      nfiles: 2
  data_preprocessing.py:
    cmd: python src/data_preprocessing.py
    deps:
    - path: data/raw
      hash: md5
      md5: 04dd235295cb72c313e376c794dbd399.dir
      size: 484846
      nfiles: 2
    - path: src/data_preprocessing.py
      hash: md5
      md5: 6de1785eea1f721a7ee66ba0543cb01d
      size: 4151
    outs:
    - path: data/interm
      hash: md5
      md5: a93065f5a2727e5e7dd327b4604144d5.dir
      size: 261440
      nfiles: 2
  feature_engineering.py:
    cmd: python src/feature_engineering.py
    deps:
    - path: data/interm
      hash: md5
      md5: a93065f5a2727e5e7dd327b4604144d5.dir
      size: 261440
      nfiles: 2
    - path: src/feature_engineering.py
      hash: md5
      md5: e752eb0169e627119be30062773a7452
      size: 3910
    params:
      params.yaml:
        feature_engineering.max_features: 45
    outs:
    - path: data/processed
      hash: md5
      md5: 82e512052f346dcee9475acd19c8d410.dir
      size: 1069133
      nfiles: 2
  model_building:
    cmd: python src/model_building.py
    deps:
    - path: data/processed
      hash: md5
      md5: 82e512052f346dcee9475acd19c8d410.dir
      size: 1069133
      nfiles: 2
    - path: src/model_building.py
      hash: md5
      md5: 1cce289f69ef892dd96c6f62ffb9f5ee
      size: 4480
    params:
      params.yaml:
        model_building.n_estimators: 40
        model_building.random_state: 42
    outs:
    - path: models/model.pkl
      hash: md5
      md5: b3a9e11a3621cbc4f11e8d93e337d77a
      size: 1460811
  model_evaluation:
    cmd: python src/model_evaluation.py
    deps:
    - path: models/model.pkl
      hash: md5
      md5: b3a9e11a3621cbc4f11e8d93e337d77a
      size: 1460811
    - path: src/model_evaluation.py
      hash: md5
      md5: 553abb63c25d201ab4732efe779df04d
      size: 4639
    outs:
    - path: reports/metrics.json
      hash: md5
      md5: fefb179c29eb8dd259e4180ae6d6812a
      size: 145
